
Microsoft Visual Studio Solution File, Format Version 12.00
# Visual Studio Version 17
VisualStudioVersion = 17.0.32112.339
MinimumVisualStudioVersion = 10.0.40219.1
Project("{9A19103F-16F7-4668-BE54-9A1E7A4F7556}") = "Mom2", "Mom2\Mom2.csproj", "{4AB36675-8883-4607-BEB8-EFBAA8E8416B}"
EndProject
Project("{2150E333-8FDC-42A3-9474-1A3956D46DE8}") = "Solution Items", "Solution Items", "{8B46E3A3-59B3-4638-8A96-3D93E77E546A}"
	ProjectSection(SolutionItems) = preProject
		.editorconfig = .editorconfig
	EndProjectSection
EndProject
Global
	GlobalSection(SolutionConfigurationPlatforms) = preSolution
		Debug|Any CPU = Debug|Any CPU
		Release|Any CPU = Release|Any CPU
	EndGlobalSection
	GlobalSection(ProjectConfigurationPlatforms) = postSolution
		{4AB36675-8883-4607-BEB8-EFBAA8E8416B}.Debug|Any CPU.ActiveCfg = Debug|Any CPU
		{4AB36675-8883-4607-BEB8-EFBAA8E8416B}.Debug|Any CPU.Build.0 = Debug|Any CPU
		{4AB36675-8883-4607-BEB8-EFBAA8E8416B}.Release|Any CPU.ActiveCfg = Release|Any CPU
		{4AB36675-8883-4607-BEB8-EFBAA8E8416B}.Release|Any CPU.Build.0 = Release|Any CPU
	EndGlobalSection
	GlobalSection(SolutionProperties) = preSolution
		HideSolutionNode = FALSE
	EndGlobalSection
	GlobalSection(ExtensibilityGlobals) = postSolution
		SolutionGuid = {03B31DF6-3625-4DA3-9B5C-BD5B3D1D8F22}
	EndGlobalSection
EndGlobal
